{
    "_meta": {
        "hash": {
            "sha256": "d04ed3f6b0b59c8e98992515434f6729b5c1190e00538db9e99b7c54b0609d2a"
        },
        "pipfile-spec": 6,
        "requires": {
            "python_version": "3.11"
        },
        "sources": [
            {
                "name": "pypi",
                "url": "https://pypi.org/simple",
                "verify_ssl": true
            }
        ]
    },
    "default": {
        "blinker": {
            "hashes": [
                "sha256:b4ce2265a7abece45e7cc896e98dbebe6cead56bcf805a3d23136d145f5445bf",
                "sha256:ba0efaa9080b619ff2f3459d1d500c57bddea4a6b424b60a91141db6fd2f08bc"
            ],
            "markers": "python_version >= '3.9'",
            "version": "==1.9.0"
        },
        "btrees": {
            "hashes": [
                "sha256:0302e1c8f6a2c964ee32f3b80965b071eff2db1debb13860e71008aa00a0321f",
                "sha256:069148e2e941eca698673083ba0c7defaf691b228b9d4be951d1d13a19d8890a",
                "sha256:0bc0f9c8117bd790aa53de16049fde637f2864c2d2a38d4359c68e2905bcc2e5",
                "sha256:13ae3f198ad09f62b8fe575d7e63de19c8eabe11568f73f033a48f095debfe6c",
                "sha256:2c3baa188efa475ef02c86ff0f147ec2260e147ff1015ef9750ff8c8dc24c20a",
                "sha256:2eb3c838e18d353a0c35b09e679bc0c939d76823983f86bbc87356fb3d4786e7",
                "sha256:30dbb2c346fe1f077c6300b26049ad275e4134424bd431d386cec0d7e6cc5048",
                "sha256:34ca956076216b159f7d3432c2e9eafa67a8379176190550ba8e21d93e2fe3c8",
                "sha256:3860847354aa901986ddb765c3f8fb492ba226fee5bd28de7c73f3067645bbb1",
                "sha256:398b9bc27d563197fc2966e237742019f7abc3d622a98c710155ca2bac421e3e",
                "sha256:3c8420f894b0611c5a2d9279276d558a5df4c8d153e5c6d418dbd3db505d8713",
                "sha256:407648d72812b19bea2a3f98a2188a17121e9b5add0c12416f8bcecd724cec0b",
                "sha256:45753e3aac923f2356399a8b13302faa2311111de066706376414af80fcaf656",
                "sha256:550d0d1219d55db77f60fe80f6f7700fc39f9df10b537a7660d852f6e52cfbaa",
                "sha256:58383635a06532ab6ee66bd1ba20e56af627e7a91665f1d98a8d550890e608d7",
                "sha256:6a7acd17e2934536012445ba33e2805f71e65b9bc9a8683013626fb3fc6824a9",
                "sha256:6e46fcde669859cfe593d0be5ac414dcfc26916d40e466752a906b2c38ae2ef2",
                "sha256:71448fa70a6e1cdb21a653043fb23df96e8b24c2c1ff93cc1dac818412f1aecc",
                "sha256:789a5b858cbee0a4750e7e3b4c13a1e47e6b9c7be50329087e621bff6d81154e",
                "sha256:860b3b6f0d5d4b34e6168e6490d0b26586e8b6c33cad7d5893f97fa3f4b3ff16",
                "sha256:8b084410ae05aeb0285487f9bbd5aa3521aa2acb852d4df6bd45a77f9786b816",
                "sha256:8b08497fe1dd2b4fac107bd79ab052809f58f5d4d2f9ca08d3548e831d21a841",
                "sha256:913890a8f5cce402fda7a06d9eaaf4ddda64a042e5c764c38fe5fb2004099072",
                "sha256:9d5a04064887babe8d63bf407bfb1ede17fe65515c247ae18725a558f2235ada",
                "sha256:a05a4bd399dc300dfcb5ae00d15e7fe2ef15b042f704a0ac33161d93635d6bc6",
                "sha256:a3d54c331927a6966a4cf15e57f824de6750c52905757b36a30475e2733679e4",
                "sha256:a76dbeed484720cf7aa231f3552665df91bda0dbb357aab5fefefde133eef89e",
                "sha256:b4e2a878acdb9e1087c71e8914909a3d582617c496adea8a02bc839285666b0f",
                "sha256:b8f2936e75321e7ce652b0092aaf41f88cc98bf3b70d2dcca2ef8e38bf5b2e44",
                "sha256:ceee877e0c1fe572f5922f0c0c1ddb0f3780533a69200a745116abd988665243",
                "sha256:d5ca98f7e4c65e7f2a1b0b8f3908583c9be0594d9c787efdf8c21a6dcb1ae3d1",
                "sha256:d9c05e621829c58254dd9df773da219cd29b7ee5289f0d3788933e4ccd646148",
                "sha256:da7b9718354e34d4c4ace9f4f784e553041b8f7667017ca36286ba7f3544df8f",
                "sha256:e18746f8641869a20f45328c9b5f97dc6c71a1195960356aef63b75f5c8d445f",
                "sha256:e96ff8762c9b4d82631c3a6c4cdde348f935a0aaeb0473c14c5bc16c20a03ede",
                "sha256:ee2a98f67d89f1e0eb1c17c9a8d0088efcdd283fb6a7f9fc3d6758a2211e5a28",
                "sha256:f50275aa22e9bb94701c9ffad59b7cd0104237dee24e840e1a8cf83c5a904184"
            ],
            "markers": "python_version >= '3.8'",
            "version": "==6.1"
        },
        "certifi": {
            "hashes": [
                "sha256:0a816057ea3cdefcef70270d2c515e4506bbc954f417fa5ade2021213bb8f0c6",
                "sha256:30350364dfe371162649852c63336a15c70c6510c2ad5015b21c2345311805f3"
            ],
            "markers": "python_version >= '3.6'",
            "version": "==2025.4.26"
        },
        "cffi": {
            "hashes": [
                "sha256:045d61c734659cc045141be4bae381a41d89b741f795af1dd018bfb532fd0df8",
                "sha256:0984a4925a435b1da406122d4d7968dd861c1385afe3b45ba82b750f229811e2",
                "sha256:0e2b1fac190ae3ebfe37b979cc1ce69c81f4e4fe5746bb401dca63a9062cdaf1",
                "sha256:0f048dcf80db46f0098ccac01132761580d28e28bc0f78ae0d58048063317e15",
                "sha256:1257bdabf294dceb59f5e70c64a3e2f462c30c7ad68092d01bbbfb1c16b1ba36",
                "sha256:1c39c6016c32bc48dd54561950ebd6836e1670f2ae46128f67cf49e789c52824",
                "sha256:1d599671f396c4723d016dbddb72fe8e0397082b0a77a4fab8028923bec050e8",
                "sha256:28b16024becceed8c6dfbc75629e27788d8a3f9030691a1dbf9821a128b22c36",
                "sha256:2bb1a08b8008b281856e5971307cc386a8e9c5b625ac297e853d36da6efe9c17",
                "sha256:30c5e0cb5ae493c04c8b42916e52ca38079f1b235c2f8ae5f4527b963c401caf",
                "sha256:31000ec67d4221a71bd3f67df918b1f88f676f1c3b535a7eb473255fdc0b83fc",
                "sha256:386c8bf53c502fff58903061338ce4f4950cbdcb23e2902d86c0f722b786bbe3",
                "sha256:3edc8d958eb099c634dace3c7e16560ae474aa3803a5df240542b305d14e14ed",
                "sha256:45398b671ac6d70e67da8e4224a065cec6a93541bb7aebe1b198a61b58c7b702",
                "sha256:46bf43160c1a35f7ec506d254e5c890f3c03648a4dbac12d624e4490a7046cd1",
                "sha256:4ceb10419a9adf4460ea14cfd6bc43d08701f0835e979bf821052f1805850fe8",
                "sha256:51392eae71afec0d0c8fb1a53b204dbb3bcabcb3c9b807eedf3e1e6ccf2de903",
                "sha256:5da5719280082ac6bd9aa7becb3938dc9f9cbd57fac7d2871717b1feb0902ab6",
                "sha256:610faea79c43e44c71e1ec53a554553fa22321b65fae24889706c0a84d4ad86d",
                "sha256:636062ea65bd0195bc012fea9321aca499c0504409f413dc88af450b57ffd03b",
                "sha256:6883e737d7d9e4899a8a695e00ec36bd4e5e4f18fabe0aca0efe0a4b44cdb13e",
                "sha256:6b8b4a92e1c65048ff98cfe1f735ef8f1ceb72e3d5f0c25fdb12087a23da22be",
                "sha256:6f17be4345073b0a7b8ea599688f692ac3ef23ce28e5df79c04de519dbc4912c",
                "sha256:706510fe141c86a69c8ddc029c7910003a17353970cff3b904ff0686a5927683",
                "sha256:72e72408cad3d5419375fc87d289076ee319835bdfa2caad331e377589aebba9",
                "sha256:733e99bc2df47476e3848417c5a4540522f234dfd4ef3ab7fafdf555b082ec0c",
                "sha256:7596d6620d3fa590f677e9ee430df2958d2d6d6de2feeae5b20e82c00b76fbf8",
                "sha256:78122be759c3f8a014ce010908ae03364d00a1f81ab5c7f4a7a5120607ea56e1",
                "sha256:805b4371bf7197c329fcb3ead37e710d1bca9da5d583f5073b799d5c5bd1eee4",
                "sha256:85a950a4ac9c359340d5963966e3e0a94a676bd6245a4b55bc43949eee26a655",
                "sha256:8f2cdc858323644ab277e9bb925ad72ae0e67f69e804f4898c070998d50b1a67",
                "sha256:9755e4345d1ec879e3849e62222a18c7174d65a6a92d5b346b1863912168b595",
                "sha256:98e3969bcff97cae1b2def8ba499ea3d6f31ddfdb7635374834cf89a1a08ecf0",
                "sha256:a08d7e755f8ed21095a310a693525137cfe756ce62d066e53f502a83dc550f65",
                "sha256:a1ed2dd2972641495a3ec98445e09766f077aee98a1c896dcb4ad0d303628e41",
                "sha256:a24ed04c8ffd54b0729c07cee15a81d964e6fee0e3d4d342a27b020d22959dc6",
                "sha256:a45e3c6913c5b87b3ff120dcdc03f6131fa0065027d0ed7ee6190736a74cd401",
                "sha256:a9b15d491f3ad5d692e11f6b71f7857e7835eb677955c00cc0aefcd0669adaf6",
                "sha256:ad9413ccdeda48c5afdae7e4fa2192157e991ff761e7ab8fdd8926f40b160cc3",
                "sha256:b2ab587605f4ba0bf81dc0cb08a41bd1c0a5906bd59243d56bad7668a6fc6c16",
                "sha256:b62ce867176a75d03a665bad002af8e6d54644fad99a3c70905c543130e39d93",
                "sha256:c03e868a0b3bc35839ba98e74211ed2b05d2119be4e8a0f224fba9384f1fe02e",
                "sha256:c59d6e989d07460165cc5ad3c61f9fd8f1b4796eacbd81cee78957842b834af4",
                "sha256:c7eac2ef9b63c79431bc4b25f1cd649d7f061a28808cbc6c47b534bd789ef964",
                "sha256:c9c3d058ebabb74db66e431095118094d06abf53284d9c81f27300d0e0d8bc7c",
                "sha256:ca74b8dbe6e8e8263c0ffd60277de77dcee6c837a3d0881d8c1ead7268c9e576",
                "sha256:caaf0640ef5f5517f49bc275eca1406b0ffa6aa184892812030f04c2abf589a0",
                "sha256:cdf5ce3acdfd1661132f2a9c19cac174758dc2352bfe37d98aa7512c6b7178b3",
                "sha256:d016c76bdd850f3c626af19b0542c9677ba156e4ee4fccfdd7848803533ef662",
                "sha256:d01b12eeeb4427d3110de311e1774046ad344f5b1a7403101878976ecd7a10f3",
                "sha256:d63afe322132c194cf832bfec0dc69a99fb9bb6bbd550f161a49e9e855cc78ff",
                "sha256:da95af8214998d77a98cc14e3a3bd00aa191526343078b530ceb0bd710fb48a5",
                "sha256:dd398dbc6773384a17fe0d3e7eeb8d1a21c2200473ee6806bb5e6a8e62bb73dd",
                "sha256:de2ea4b5833625383e464549fec1bc395c1bdeeb5f25c4a3a82b5a8c756ec22f",
                "sha256:de55b766c7aa2e2a3092c51e0483d700341182f08e67c63630d5b6f200bb28e5",
                "sha256:df8b1c11f177bc2313ec4b2d46baec87a5f3e71fc8b45dab2ee7cae86d9aba14",
                "sha256:e03eab0a8677fa80d646b5ddece1cbeaf556c313dcfac435ba11f107ba117b5d",
                "sha256:e221cf152cff04059d011ee126477f0d9588303eb57e88923578ace7baad17f9",
                "sha256:e31ae45bc2e29f6b2abd0de1cc3b9d5205aa847cafaecb8af1476a609a2f6eb7",
                "sha256:edae79245293e15384b51f88b00613ba9f7198016a5948b5dddf4917d4d26382",
                "sha256:f1e22e8c4419538cb197e4dd60acc919d7696e5ef98ee4da4e01d3f8cfa4cc5a",
                "sha256:f3a2b4222ce6b60e2e8b337bb9596923045681d71e5a082783484d845390938e",
                "sha256:f6a16c31041f09ead72d69f583767292f750d24913dadacf5756b966aacb3f1a",
                "sha256:f75c7ab1f9e4aca5414ed4d8e5c0e303a34f4421f8a0d47a4d019ceff0ab6af4",
                "sha256:f79fc4fc25f1c8698ff97788206bb3c2598949bfe0fef03d299eb1b5356ada99",
                "sha256:f7f5baafcc48261359e14bcd6d9bff6d4b28d9103847c9e136694cb0501aef87",
                "sha256:fc48c783f9c87e60831201f2cce7f3b2e4846bf4d8728eabe54d60700b318a0b"
            ],
            "markers": "platform_python_implementation == 'CPython'",
            "version": "==1.17.1"
        },
        "charset-normalizer": {
            "hashes": [
                "sha256:005fa3432484527f9732ebd315da8da8001593e2cf46a3d817669f062c3d9ed4",
                "sha256:046595208aae0120559a67693ecc65dd75d46f7bf687f159127046628178dc45",
                "sha256:0c29de6a1a95f24b9a1aa7aefd27d2487263f00dfd55a77719b530788f75cff7",
                "sha256:0c8c57f84ccfc871a48a47321cfa49ae1df56cd1d965a09abe84066f6853b9c0",
                "sha256:0f5d9ed7f254402c9e7d35d2f5972c9bbea9040e99cd2861bd77dc68263277c7",
                "sha256:18dd2e350387c87dabe711b86f83c9c78af772c748904d372ade190b5c7c9d4d",
                "sha256:1b1bde144d98e446b056ef98e59c256e9294f6b74d7af6846bf5ffdafd687a7d",
                "sha256:1c95a1e2902a8b722868587c0e1184ad5c55631de5afc0eb96bc4b0d738092c0",
                "sha256:1cad5f45b3146325bb38d6855642f6fd609c3f7cad4dbaf75549bf3b904d3184",
                "sha256:21b2899062867b0e1fde9b724f8aecb1af14f2778d69aacd1a5a1853a597a5db",
                "sha256:24498ba8ed6c2e0b56d4acbf83f2d989720a93b41d712ebd4f4979660db4417b",
                "sha256:25a23ea5c7edc53e0f29bae2c44fcb5a1aa10591aae107f2a2b2583a9c5cbc64",
                "sha256:289200a18fa698949d2b39c671c2cc7a24d44096784e76614899a7ccf2574b7b",
                "sha256:28a1005facc94196e1fb3e82a3d442a9d9110b8434fc1ded7a24a2983c9888d8",
                "sha256:32fc0341d72e0f73f80acb0a2c94216bd704f4f0bce10aedea38f30502b271ff",
                "sha256:36b31da18b8890a76ec181c3cf44326bf2c48e36d393ca1b72b3f484113ea344",
                "sha256:3c21d4fca343c805a52c0c78edc01e3477f6dd1ad7c47653241cf2a206d4fc58",
                "sha256:3fddb7e2c84ac87ac3a947cb4e66d143ca5863ef48e4a5ecb83bd48619e4634e",
                "sha256:43e0933a0eff183ee85833f341ec567c0980dae57c464d8a508e1b2ceb336471",
                "sha256:4a476b06fbcf359ad25d34a057b7219281286ae2477cc5ff5e3f70a246971148",
                "sha256:4e594135de17ab3866138f496755f302b72157d115086d100c3f19370839dd3a",
                "sha256:50bf98d5e563b83cc29471fa114366e6806bc06bc7a25fd59641e41445327836",
                "sha256:5a9979887252a82fefd3d3ed2a8e3b937a7a809f65dcb1e068b090e165bbe99e",
                "sha256:5baececa9ecba31eff645232d59845c07aa030f0c81ee70184a90d35099a0e63",
                "sha256:5bf4545e3b962767e5c06fe1738f951f77d27967cb2caa64c28be7c4563e162c",
                "sha256:6333b3aa5a12c26b2a4d4e7335a28f1475e0e5e17d69d55141ee3cab736f66d1",
                "sha256:65c981bdbd3f57670af8b59777cbfae75364b483fa8a9f420f08094531d54a01",
                "sha256:68a328e5f55ec37c57f19ebb1fdc56a248db2e3e9ad769919a58672958e8f366",
                "sha256:6a0289e4589e8bdfef02a80478f1dfcb14f0ab696b5a00e1f4b8a14a307a3c58",
                "sha256:6b66f92b17849b85cad91259efc341dce9c1af48e2173bf38a85c6329f1033e5",
                "sha256:6c9379d65defcab82d07b2a9dfbfc2e95bc8fe0ebb1b176a3190230a3ef0e07c",
                "sha256:6fc1f5b51fa4cecaa18f2bd7a003f3dd039dd615cd69a2afd6d3b19aed6775f2",
                "sha256:70f7172939fdf8790425ba31915bfbe8335030f05b9913d7ae00a87d4395620a",
                "sha256:721c76e84fe669be19c5791da68232ca2e05ba5185575086e384352e2c309597",
                "sha256:7222ffd5e4de8e57e03ce2cef95a4c43c98fcb72ad86909abdfc2c17d227fc1b",
                "sha256:75d10d37a47afee94919c4fab4c22b9bc2a8bf7d4f46f87363bcf0573f3ff4f5",
                "sha256:76af085e67e56c8816c3ccf256ebd136def2ed9654525348cfa744b6802b69eb",
                "sha256:770cab594ecf99ae64c236bc9ee3439c3f46be49796e265ce0cc8bc17b10294f",
                "sha256:7a6ab32f7210554a96cd9e33abe3ddd86732beeafc7a28e9955cdf22ffadbab0",
                "sha256:7c48ed483eb946e6c04ccbe02c6b4d1d48e51944b6db70f697e089c193404941",
                "sha256:7f56930ab0abd1c45cd15be65cc741c28b1c9a34876ce8c17a2fa107810c0af0",
                "sha256:8075c35cd58273fee266c58c0c9b670947c19df5fb98e7b66710e04ad4e9ff86",
                "sha256:8272b73e1c5603666618805fe821edba66892e2870058c94c53147602eab29c7",
                "sha256:82d8fd25b7f4675d0c47cf95b594d4e7b158aca33b76aa63d07186e13c0e0ab7",
                "sha256:844da2b5728b5ce0e32d863af26f32b5ce61bc4273a9c720a9f3aa9df73b1455",
                "sha256:8755483f3c00d6c9a77f490c17e6ab0c8729e39e6390328e42521ef175380ae6",
                "sha256:915f3849a011c1f593ab99092f3cecfcb4d65d8feb4a64cf1bf2d22074dc0ec4",
                "sha256:926ca93accd5d36ccdabd803392ddc3e03e6d4cd1cf17deff3b989ab8e9dbcf0",
                "sha256:982bb1e8b4ffda883b3d0a521e23abcd6fd17418f6d2c4118d257a10199c0ce3",
                "sha256:98f862da73774290f251b9df8d11161b6cf25b599a66baf087c1ffe340e9bfd1",
                "sha256:9cbfacf36cb0ec2897ce0ebc5d08ca44213af24265bd56eca54bee7923c48fd6",
                "sha256:a370b3e078e418187da8c3674eddb9d983ec09445c99a3a263c2011993522981",
                "sha256:a955b438e62efdf7e0b7b52a64dc5c3396e2634baa62471768a64bc2adb73d5c",
                "sha256:aa6af9e7d59f9c12b33ae4e9450619cf2488e2bbe9b44030905877f0b2324980",
                "sha256:aa88ca0b1932e93f2d961bf3addbb2db902198dca337d88c89e1559e066e7645",
                "sha256:aaeeb6a479c7667fbe1099af9617c83aaca22182d6cf8c53966491a0f1b7ffb7",
                "sha256:aaf27faa992bfee0264dc1f03f4c75e9fcdda66a519db6b957a3f826e285cf12",
                "sha256:b2680962a4848b3c4f155dc2ee64505a9c57186d0d56b43123b17ca3de18f0fa",
                "sha256:b2d318c11350e10662026ad0eb71bb51c7812fc8590825304ae0bdd4ac283acd",
                "sha256:b33de11b92e9f75a2b545d6e9b6f37e398d86c3e9e9653c4864eb7e89c5773ef",
                "sha256:b3daeac64d5b371dea99714f08ffc2c208522ec6b06fbc7866a450dd446f5c0f",
                "sha256:be1e352acbe3c78727a16a455126d9ff83ea2dfdcbc83148d2982305a04714c2",
                "sha256:bee093bf902e1d8fc0ac143c88902c3dfc8941f7ea1d6a8dd2bcb786d33db03d",
                "sha256:c72fbbe68c6f32f251bdc08b8611c7b3060612236e960ef848e0a517ddbe76c5",
                "sha256:c9e36a97bee9b86ef9a1cf7bb96747eb7a15c2f22bdb5b516434b00f2a599f02",
                "sha256:cddf7bd982eaa998934a91f69d182aec997c6c468898efe6679af88283b498d3",
                "sha256:cf713fe9a71ef6fd5adf7a79670135081cd4431c2943864757f0fa3a65b1fafd",
                "sha256:d11b54acf878eef558599658b0ffca78138c8c3655cf4f3a4a673c437e67732e",
                "sha256:d41c4d287cfc69060fa91cae9683eacffad989f1a10811995fa309df656ec214",
                "sha256:d524ba3f1581b35c03cb42beebab4a13e6cdad7b36246bd22541fa585a56cccd",
                "sha256:daac4765328a919a805fa5e2720f3e94767abd632ae410a9062dff5412bae65a",
                "sha256:db4c7bf0e07fc3b7d89ac2a5880a6a8062056801b83ff56d8464b70f65482b6c",
                "sha256:dc7039885fa1baf9be153a0626e337aa7ec8bf96b0128605fb0d77788ddc1681",
                "sha256:dccab8d5fa1ef9bfba0590ecf4d46df048d18ffe3eec01eeb73a42e0d9e7a8ba",
                "sha256:dedb8adb91d11846ee08bec4c8236c8549ac721c245678282dcb06b221aab59f",
                "sha256:e45ba65510e2647721e35323d6ef54c7974959f6081b58d4ef5d87c60c84919a",
                "sha256:e53efc7c7cee4c1e70661e2e112ca46a575f90ed9ae3fef200f2a25e954f4b28",
                "sha256:e635b87f01ebc977342e2697d05b56632f5f879a4f15955dfe8cef2448b51691",
                "sha256:e70e990b2137b29dc5564715de1e12701815dacc1d056308e2b17e9095372a82",
                "sha256:e8082b26888e2f8b36a042a58307d5b917ef2b1cacab921ad3323ef91901c71a",
                "sha256:e8323a9b031aa0393768b87f04b4164a40037fb2a3c11ac06a03ffecd3618027",
                "sha256:e92fca20c46e9f5e1bb485887d074918b13543b1c2a1185e69bb8d17ab6236a7",
                "sha256:eb30abc20df9ab0814b5a2524f23d75dcf83cde762c161917a2b4b7b55b1e518",
                "sha256:eba9904b0f38a143592d9fc0e19e2df0fa2e41c3c3745554761c5f6447eedabf",
                "sha256:ef8de666d6179b009dce7bcb2ad4c4a779f113f12caf8dc77f0162c29d20490b",
                "sha256:efd387a49825780ff861998cd959767800d54f8308936b21025326de4b5a42b9",
                "sha256:f0aa37f3c979cf2546b73e8222bbfa3dc07a641585340179d768068e3455e544",
                "sha256:f4074c5a429281bf056ddd4c5d3b740ebca4d43ffffe2ef4bf4d2d05114299da",
                "sha256:f69a27e45c43520f5487f27627059b64aaf160415589230992cec34c5e18a509",
                "sha256:fb707f3e15060adf5b7ada797624a6c6e0138e2a26baa089df64c68ee98e040f",
                "sha256:fcbe676a55d7445b22c10967bceaaf0ee69407fbe0ece4d032b6eb8d4565982a",
                "sha256:fdb20a30fe1175ecabed17cbf7812f7b804b8a315a25f24678bcdf120a90077f"
            ],
            "markers": "python_version >= '3.7'",
            "version": "==3.4.2"
        },
        "click": {
            "hashes": [
                "sha256:27c491cc05d968d271d5a1db13e3b5a184636d9d930f148c50b038f0d0646202",
                "sha256:61a3265b914e850b85317d0b3109c7f8cd35a670f963866005d6ef1d5175a12b"
            ],
            "markers": "python_version >= '3.10'",
            "version": "==8.2.1"
        },
        "flask": {
            "hashes": [
                "sha256:07aae2bb5eaf77993ef57e357491839f5fd9f4dc281593a81a9e4d79a24f295c",
                "sha256:284c7b8f2f58cb737f0cf1c30fd7eaf0ccfcde196099d24ecede3fc2005aa59e"
            ],
            "index": "pypi",
            "version": "==3.1.1"
        },
        "flask-cors": {
            "hashes": [
                "sha256:4592c1570246bf7beee96b74bc0adbbfcb1b0318f6ba05c412e8909eceec3393",
                "sha256:6332073356452343a8ccddbfec7befdc3fdd040141fe776ec9b94c262f058657"
            ],
            "index": "pypi",
            "version": "==6.0.0"
        },
        "idna": {
            "hashes": [
                "sha256:12f65c9b470abda6dc35cf8e63cc574b1c52b11df2c86030af0ac09b01b13ea9",
                "sha256:946d195a0d259cbba61165e88e65941f16e9b36ea6ddb97f00452bae8b1287d3"
            ],
            "markers": "python_version >= '3.6'",
            "version": "==3.10"
        },
        "itsdangerous": {
            "hashes": [
                "sha256:c6242fc49e35958c8b15141343aa660db5fc54d4f13a1db01a3f5891b98700ef",
                "sha256:e0050c0b7da1eea53ffaf149c0cfbb5c6e2e2b69c4bef22c81fa6eb73e5f6173"
            ],
            "markers": "python_version >= '3.8'",
            "version": "==2.2.0"
        },
        "jinja2": {
            "hashes": [
                "sha256:0137fb05990d35f1275a587e9aee6d56da821fc83491a0fb838183be43f66d6d",
                "sha256:85ece4451f492d0c13c5dd7c13a64681a86afae63a5f347908daf103ce6d2f67"
            ],
            "markers": "python_version >= '3.7'",
            "version": "==3.1.6"
        },
        "libusb1": {
            "hashes": [
                "sha256:0ef69825173ce74af34444754c081cc324233edc6acc405658b3ad784833e076",
                "sha256:3951d360f2daf0e0eacf839e15d2d1d2f4f5e7830231eb3188eeffef2dd17bad",
                "sha256:6e21b772d80d6487fbb55d3d2141218536db302da82f1983754e96c72781c102",
                "sha256:808c9362299dcee01651aa87e71e9d681ccedb27fc4dbd70aaf14e245fb855f1"
            ],
            "version": "==3.3.1"
        },
        "markupsafe": {
            "hashes": [
                "sha256:0bff5e0ae4ef2e1ae4fdf2dfd5b76c75e5c2fa4132d05fc1b0dabcd20c7e28c4",
                "sha256:0f4ca02bea9a23221c0182836703cbf8930c5e9454bacce27e767509fa286a30",
                "sha256:1225beacc926f536dc82e45f8a4d68502949dc67eea90eab715dea3a21c1b5f0",
                "sha256:131a3c7689c85f5ad20f9f6fb1b866f402c445b220c19fe4308c0b147ccd2ad9",
                "sha256:15ab75ef81add55874e7ab7055e9c397312385bd9ced94920f2802310c930396",
                "sha256:1a9d3f5f0901fdec14d8d2f66ef7d035f2157240a433441719ac9a3fba440b13",
                "sha256:1c99d261bd2d5f6b59325c92c73df481e05e57f19837bdca8413b9eac4bd8028",
                "sha256:1e084f686b92e5b83186b07e8a17fc09e38fff551f3602b249881fec658d3eca",
                "sha256:2181e67807fc2fa785d0592dc2d6206c019b9502410671cc905d132a92866557",
                "sha256:2cb8438c3cbb25e220c2ab33bb226559e7afb3baec11c4f218ffa7308603c832",
                "sha256:3169b1eefae027567d1ce6ee7cae382c57fe26e82775f460f0b2778beaad66c0",
                "sha256:3809ede931876f5b2ec92eef964286840ed3540dadf803dd570c3b7e13141a3b",
                "sha256:38a9ef736c01fccdd6600705b09dc574584b89bea478200c5fbf112a6b0d5579",
                "sha256:3d79d162e7be8f996986c064d1c7c817f6df3a77fe3d6859f6f9e7be4b8c213a",
                "sha256:444dcda765c8a838eaae23112db52f1efaf750daddb2d9ca300bcae1039adc5c",
                "sha256:48032821bbdf20f5799ff537c7ac3d1fba0ba032cfc06194faffa8cda8b560ff",
                "sha256:4aa4e5faecf353ed117801a068ebab7b7e09ffb6e1d5e412dc852e0da018126c",
                "sha256:52305740fe773d09cffb16f8ed0427942901f00adedac82ec8b67752f58a1b22",
                "sha256:569511d3b58c8791ab4c2e1285575265991e6d8f8700c7be0e88f86cb0672094",
                "sha256:57cb5a3cf367aeb1d316576250f65edec5bb3be939e9247ae594b4bcbc317dfb",
                "sha256:5b02fb34468b6aaa40dfc198d813a641e3a63b98c2b05a16b9f80b7ec314185e",
                "sha256:6381026f158fdb7c72a168278597a5e3a5222e83ea18f543112b2662a9b699c5",
                "sha256:6af100e168aa82a50e186c82875a5893c5597a0c1ccdb0d8b40240b1f28b969a",
                "sha256:6c89876f41da747c8d3677a2b540fb32ef5715f97b66eeb0c6b66f5e3ef6f59d",
                "sha256:6e296a513ca3d94054c2c881cc913116e90fd030ad1c656b3869762b754f5f8a",
                "sha256:70a87b411535ccad5ef2f1df5136506a10775d267e197e4cf531ced10537bd6b",
                "sha256:7e94c425039cde14257288fd61dcfb01963e658efbc0ff54f5306b06054700f8",
                "sha256:846ade7b71e3536c4e56b386c2a47adf5741d2d8b94ec9dc3e92e5e1ee1e2225",
                "sha256:88416bd1e65dcea10bc7569faacb2c20ce071dd1f87539ca2ab364bf6231393c",
                "sha256:88b49a3b9ff31e19998750c38e030fc7bb937398b1f78cfa599aaef92d693144",
                "sha256:8c4e8c3ce11e1f92f6536ff07154f9d49677ebaaafc32db9db4620bc11ed480f",
                "sha256:8e06879fc22a25ca47312fbe7c8264eb0b662f6db27cb2d3bbbc74b1df4b9b87",
                "sha256:9025b4018f3a1314059769c7bf15441064b2207cb3f065e6ea1e7359cb46db9d",
                "sha256:93335ca3812df2f366e80509ae119189886b0f3c2b81325d39efdb84a1e2ae93",
                "sha256:9778bd8ab0a994ebf6f84c2b949e65736d5575320a17ae8984a77fab08db94cf",
                "sha256:9e2d922824181480953426608b81967de705c3cef4d1af983af849d7bd619158",
                "sha256:a123e330ef0853c6e822384873bef7507557d8e4a082961e1defa947aa59ba84",
                "sha256:a904af0a6162c73e3edcb969eeeb53a63ceeb5d8cf642fade7d39e7963a22ddb",
                "sha256:ad10d3ded218f1039f11a75f8091880239651b52e9bb592ca27de44eed242a48",
                "sha256:b424c77b206d63d500bcb69fa55ed8d0e6a3774056bdc4839fc9298a7edca171",
                "sha256:b5a6b3ada725cea8a5e634536b1b01c30bcdcd7f9c6fff4151548d5bf6b3a36c",
                "sha256:ba8062ed2cf21c07a9e295d5b8a2a5ce678b913b45fdf68c32d95d6c1291e0b6",
                "sha256:ba9527cdd4c926ed0760bc301f6728ef34d841f405abf9d4f959c478421e4efd",
                "sha256:bbcb445fa71794da8f178f0f6d66789a28d7319071af7a496d4d507ed566270d",
                "sha256:bcf3e58998965654fdaff38e58584d8937aa3096ab5354d493c77d1fdd66d7a1",
                "sha256:c0ef13eaeee5b615fb07c9a7dadb38eac06a0608b41570d8ade51c56539e509d",
                "sha256:cabc348d87e913db6ab4aa100f01b08f481097838bdddf7c7a84b7575b7309ca",
                "sha256:cdb82a876c47801bb54a690c5ae105a46b392ac6099881cdfb9f6e95e4014c6a",
                "sha256:cfad01eed2c2e0c01fd0ecd2ef42c492f7f93902e39a42fc9ee1692961443a29",
                "sha256:d16a81a06776313e817c951135cf7340a3e91e8c1ff2fac444cfd75fffa04afe",
                "sha256:d8213e09c917a951de9d09ecee036d5c7d36cb6cb7dbaece4c71a60d79fb9798",
                "sha256:e07c3764494e3776c602c1e78e298937c3315ccc9043ead7e685b7f2b8d47b3c",
                "sha256:e17c96c14e19278594aa4841ec148115f9c7615a47382ecb6b82bd8fea3ab0c8",
                "sha256:e444a31f8db13eb18ada366ab3cf45fd4b31e4db1236a4448f68778c1d1a5a2f",
                "sha256:e6a2a455bd412959b57a172ce6328d2dd1f01cb2135efda2e4576e8a23fa3b0f",
                "sha256:eaa0a10b7f72326f1372a713e73c3f739b524b3af41feb43e4921cb529f5929a",
                "sha256:eb7972a85c54febfb25b5c4b4f3af4dcc731994c7da0d8a0b4a6eb0640e1d178",
                "sha256:ee55d3edf80167e48ea11a923c7386f4669df67d7994554387f84e7d8b0a2bf0",
                "sha256:f3818cb119498c0678015754eba762e0d61e5b52d34c8b13d770f0719f7b1d79",
                "sha256:f8b3d067f2e40fe93e1ccdd6b2e1d16c43140e76f02fb1319a05cf2b79d99430",
                "sha256:fcabf5ff6eea076f859677f5f0b6b5c1a51e70a376b0579e0eadef8db48c6b50"
            ],
            "markers": "python_version >= '3.9'",
            "version": "==3.0.2"
        },
        "ndeflib": {
            "hashes": [
                "sha256:1d56828558b9b16f2822a4051824346347b66adf5320ea86070748b6f2454a88",
                "sha256:c634b1af2ab454754f0fdbe1debd38247ed7bdaf94587359b857726f3ee7decb"
            ],
            "version": "==0.3.3"
        },
        "nfcpy": {
            "hashes": [
                "sha256:c1f3ecdd9755f9af46e89a945ed490354d089d5b19422e307159e256ff8c1b3d",
                "sha256:e5bd08d0119e1d9e95d05215f838b07b44d03b651adddc523cc1a38892b8af6b"
            ],
            "index": "pypi",
            "version": "==1.0.4"
        },
        "persistent": {
            "hashes": [
                "sha256:030eaf3f723925e44eabfc12d43828e692f1d7023c5ffe3f375c344a21ad2ad8",
                "sha256:062525a2860376137eb9c75a0cd049353a1c914a9c26870c1a4aa1d828ba9038",
                "sha256:07842cd96f3a424085e74528d581c6b193d3f487fb4b42986bd582f732be9953",
                "sha256:09a5a968ee6b50fd6a089677a911464e2ef1a26e9c4738982cd380665b021e82",
                "sha256:1281e94901af3e7290696557c3804078bd22e5edab07b3a9b5113fd94bbd8c3e",
                "sha256:1746e226bb9c0ac2a7e359eae8813719310f48d1ae62c3f6be20434caba4f30a",
                "sha256:1955c2867a1810dfdc650c9534f68fd02a34bae49b26e941f617c8416d3883bc",
                "sha256:19ef340e1de14312301b9756d031cab0923bfb7fc0c308c42ff5b7ac3f31f297",
                "sha256:2d321b60eb07ef900f85a96cf071ff8c3b9aee6e679becc48c46f3457e8d9d2f",
                "sha256:2ee94e834c2539df7daf916f609f737809aebb7d0b012e6724b141b946312257",
                "sha256:3688428e9f39bf89bae2ae2d67dcf35e61958a9ec4370e14a6ffa5489f13a702",
                "sha256:4a06fac2da38deda02567d94df8c802061cee27b0541b6659ac2777786d2e4c7",
                "sha256:4c2eaad2e7e59474adbd83ff775b911bbd738cd994e66bda5b5c2d6e843ab28f",
                "sha256:4f36a13d70513909ee02f27f2fff9bea046dc0230d759ab6d5123129b74676d4",
                "sha256:504399906cc897057637a4053326c5f5148da7fdde9b6a51b93f266fb5ed14de",
                "sha256:5224bf66a8caad568f64c03c114872e3e63b8fe4477efa3316a9e25385a6b83a",
                "sha256:60dc97896a14212cf6bb52688f4f8ba47c1a68b26bc9306d45ec7e64eeb92fc1",
                "sha256:6f12d8ddddff657d1e3577d86149c3c72f73810416489be42dc2510b70dfaddb",
                "sha256:7ca529dc9f01fd0f24e7c1426f9f1db4ddb45dcd185681b2328c9657ecb6fe5f",
                "sha256:861e34b4190fc1e980a7905fb11fa4929433216125e426b6ea2a2bd583ad1786",
                "sha256:8757b5227aabb18f9325c771a05ed0bb56cc4a6a89845af3818cbba1d75011f9",
                "sha256:876e0b3eab6d483b041a0746ae6820e9f6af24c1c314352c0e9675a78efee86a",
                "sha256:8d03afc757124ca65549c167df52dc704be6193f05bf41554a158288eac30c50",
                "sha256:91723032023e1c3994cf19a1a798f490ed40c3dce9074933817ae4eaf8f4c242",
                "sha256:98f1096c772ea6313f0e4f767c139a5e0abf470da44f94918563cedacf87194e",
                "sha256:a3e6c5fdf5e1a7da845235bcfab1752a770bea7eb0828140f8ead85764765a31",
                "sha256:a9dd5853c616cc9b2f859da90ee3266ef3a747613b2abb3c2fbb58916c766d2c",
                "sha256:aac21049bbce3e96fc7abd73fa209b15ee38c2c42ea3ce9b4d36bb9df28ab5e7",
                "sha256:c63e421c17329cc90e01fb9075070a6cc39f32ae73caeb8b87350eeddddc10d5",
                "sha256:ce7528a7d55729d14ecc00e8be29cdb7c704d9f944f3ddfdb4eb107787e54eab",
                "sha256:d2181d6d550fdd427304e0fe0c1f0098ca9a4bc255e63093bcc4e7ff3ccd48f8",
                "sha256:e09807dfcd8d268795819776de8e871fe5ca1151acac3705d0855848cfccf710",
                "sha256:e3efc4975139f2e7424504e0bbec7c809a32b96f05b0b243547b1cad91e1ef01",
                "sha256:e5d9913ad0b32ff07319beff9ccadd9aa0ee07affb3acdde8003165d1eb18115",
                "sha256:ebc19a31236ad993f12eff125c48f2dad7a997364ef87f232207491d1e601103",
                "sha256:ec502840d0ede3f2e1c4f38b410a011c12f69be9268949e4e2b42aefe9fd7906",
                "sha256:efa795dcbe5f70f45b3c4bc2b17842b3532a56756fbd6656c3879878eba3866b"
            ],
            "markers": "python_version >= '3.8'",
            "version": "==6.1.1"
        },
        "pycparser": {
            "hashes": [
                "sha256:491c8be9c040f5390f5bf44a5b07752bd07f56edf992381b05c701439eec10f6",
                "sha256:c3702b6d3dd8c7abc1afa565d7e63d53a1d0bd86cdc24edd75470f4de499cfcc"
            ],
            "markers": "python_version >= '3.8'",
            "version": "==2.22"
        },
        "pydes": {
            "hashes": [
                "sha256:e2ab8e21d2b83e90d90dbfdcb6fb8ac0000b813238b7ecaede04f8435c389012"
            ],
            "version": "==2.0.1"
        },
        "pyscard": {
            "hashes": [
                "sha256:1480fc9e760487e4fe18b668647cd88bb4d0fd94e075bba6a00a582a93b6def7",
                "sha256:17b50d6aba530e9ef9a1a87d2761d52f378453bbb1735fc0bbdcaadc9597fef1",
                "sha256:3975dc4527996552d9317cc8b3e6a9e7e98c85616c9dc4a34152f622c3c0ffd3",
                "sha256:427164199171d26c565db0d2a577c491253dfdf160408dcd605bd0e8f4f01060",
                "sha256:44eaafcec0b0bab0344be5209b1456bc2f34a15303e0ae584e2fe6abbe67f777",
                "sha256:48e8e2e004ef105b488422c9943eca5f6f38648a8e377a94017fa07203d05b4a",
                "sha256:4e3642fc5b800b4e7ff88742eef01cbb8bd3b3d0f951f56f3fa4fca51ab41bf2",
                "sha256:535d03d04477ef0cb9812ca0fad4b71fee6984b30ad72f05f644b6e4e743ccd5",
                "sha256:77577e6c847c253c642b880087616b08223b74e3942f07d3a6019f7067fe2369",
                "sha256:81e3d3ae40cf47725b5835970433197c4a6a9030af9f08ca74b4ddaf08c339c4",
                "sha256:88e277d809fce5fc29e737ecd135f3871a0813f7d8b27fad5537ed9fa4442a20",
                "sha256:8f545e55918f6e44eb3dbc6abb6c290efa3f992872e94a4af1ee43f6ecbd160d",
                "sha256:9ca0f5f3e38b753539f3c65335536dea8a20ca4c660b320f87368070e7febdbc",
                "sha256:ab1a875666330880ddecacbadc8193dc5c6eb799329e3d6e99281a1de113a4cd",
                "sha256:ac9eaf1988c9c563a5bf5d54b8c6058ef267a1ad5755d353b9d5a68ec5b2210b",
                "sha256:b634d762de8058a039cf013dff3946e5eed6ee5d06fd18fe100ecd6af3eb6c35",
                "sha256:c77481fb86f4a17bc441d7b36551c1d36a9d3a48c4bb30ab8118886e6f275081",
                "sha256:e658f240276c12f836c28159120da499b0593cf6178469095e09a4ada869b9c6"
            ],
            "index": "pypi",
            "version": "==2.2.2"
        },
        "pyserial": {
            "hashes": [
                "sha256:3c77e014170dfffbd816e6ffc205e9842efb10be9f58ec16d3e8675b4925cddb",
                "sha256:c4451db6ba391ca6ca299fb3ec7bae67a5c55dde170964c7a14ceefec02f2cf0"
            ],
            "version": "==3.5"
        },
        "pyusb": {
            "hashes": [
                "sha256:3af070b607467c1c164f49d5b0caabe8ac78dbed9298d703a8dbf9df4052d17e",
                "sha256:bf9b754557af4717fe80c2b07cc2b923a9151f5c08d17bdb5345dac09d6a0430"
            ],
            "index": "pypi",
            "version": "==1.3.1"
        },
        "requests": {
            "hashes": [
                "sha256:55365417734eb18255590a9ff9eb97e9e1da868d4ccd6402399eaf68af20a760",
                "sha256:70761cfe03c773ceb22aa2f671b4757976145175cdfca038c02654d061d6dcc6"
            ],
            "index": "pypi",
            "version": "==2.32.3"
        },
        "setuptools": {
            "hashes": [
                "sha256:062d34222ad13e0cc312a4c02d73f059e86a4acbfbdea8f8f76b28c99f306922",
                "sha256:f36b47402ecde768dbfafc46e8e4207b4360c654f1f3bb84475f0a28628fb19c"
            ],
            "markers": "python_version >= '3.9'",
            "version": "==80.9.0"
        },
        "smartcard": {
            "hashes": [
                "sha256:4379b48ccfbd4f78fd5df4e73420aaa79ef6ff1e042d6299a3f71621c3b3d0ad"
            ],
            "index": "pypi",
            "version": "==0.3"
        },
        "transaction": {
            "hashes": [
                "sha256:106e7bd782bcc0cb5119fc9225b0c9a71dfc53adb938be905223adaef22b1174",
                "sha256:b4c0b2d49a042d86235fa76531c3356b66d7635bb0e9f29ba2512915fc7b7a42"
            ],
            "markers": "python_version >= '3.8'",
            "version": "==5.0"
        },
        "urllib3": {
            "hashes": [
                "sha256:414bc6535b787febd7567804cc015fee39daab8ad86268f1310a9250697de466",
                "sha256:4e16665048960a0900c702d4a66415956a584919c03361cac9f1df5c5dd7e813"
            ],
            "markers": "python_version >= '3.9'",
            "version": "==2.4.0"
        },
        "werkzeug": {
            "hashes": [
                "sha256:54b78bf3716d19a65be4fceccc0d1d7b89e608834989dfae50ea87564639213e",
                "sha256:60723ce945c19328679790e3282cc758aa4a6040e4bb330f53d30fa546d44746"
            ],
            "markers": "python_version >= '3.9'",
            "version": "==3.1.3"
        },
        "zc.lockfile": {
            "hashes": [
                "sha256:adb2ee6d9e6a2333c91178dcb2c9b96a5744c78edb7712dc784a7d75648e81ec",
                "sha256:ddb2d71088c061dc8a5edbaa346b637d742ca1e1564be75cb98e7dcae715de19"
            ],
            "markers": "python_version >= '3.7'",
            "version": "==3.0.post1"
        },
        "zconfig": {
            "hashes": [
                "sha256:43ae4b70aeb30db44341863d480d739d1fba4534796a2f46f4ce4d99e075250a",
                "sha256:a0e4b5277c4cee8060ce335a578ac458f82c240ae96b16659200dbc4d98bfcce"
            ],
            "markers": "python_version >= '3.9'",
            "version": "==4.2"
        },
        "zodb": {
            "hashes": [
                "sha256:484132ca9273894615606974cce4c0efa80e6cde9ba9b38fa2cbe6849bab1d33",
                "sha256:89f70fae1852123e243547909c311441d63405dec26f6ec42f365a2191db9509"
            ],
            "markers": "python_version >= '3.7'",
            "version": "==6.0.1"
        },
        "zodbpickle": {
            "hashes": [
                "sha256:1ae7da067bd3eeeb62a0917d77d0e32a5e0fee7c2904be2b930995bb31b6b856",
                "sha256:1eb659338825e05eb40ee853408732bbce10d6bd78fd74cf19f55e393563b200",
                "sha256:1ffe0a1504086d59bd3d407335ec3311b3cb495b51bb9e5401559bb3df5da822",
                "sha256:257b881a53affbac96d21836a16c30a8c3bcc271aaf9a06bf04f23f533e89c08",
                "sha256:2983efbf7b3ac90c1c4ae39d6ca3d751e7a4edb708f3dde0aac97fb39a20f1a2",
                "sha256:3554bcfb919ce914b8c5cdbbec096370d85a1c06633a002be6510c3e258276b2",
                "sha256:54555fe3454c672e3c16f89fb410394358daa183d78edcb71bd41327cc776d53",
                "sha256:5a85144fba6c34fc67bd00c7f089d6d532dc43a03447dfc5e23846c919230a45",
                "sha256:5ac128defe8a6f3f2de4fb5f7fb39ec1dd3438e9c2c011d7a9682488392a2a24",
                "sha256:5b4178ba06c551515e996a44718a4b292d527a2be46fbc116e423d6d862efde7",
                "sha256:5e43850621d191235f5742a3563ec86a64e6f97b5eb2e06f49ab382e307dcf6d",
                "sha256:67165189d4d51183a9cc96dcac9391170d289bf3d66f8b4ff59fa039e42dfec0",
                "sha256:6aad489afec35b7861fd0e9b82a06722a53f13b2a18225a2db18ce976c57ad19",
                "sha256:6f04d0573123eb7e99d3ff49ccc9eab02275f187aa7072e8e9baa96b03259972",
                "sha256:7d7d5e31c62e885f0fb7f3b4d875e342c0f4255663991d7075403e0dd87ba6b4",
                "sha256:7f45b6d0e00404bd193f00bf4686b5616e6c9fa8a0bd3e9610ae44da327595a8",
                "sha256:815fd6e3ad8cd2ff0b562ffdbca0ad34048e9a643a972aa6399f45c3b7de20fe",
                "sha256:98797bb5c14abfb86718f90739360de181f536c4ecb4c7ed8a2fa6d54ab403a2",
                "sha256:9c7fe8616ba2ca8e54ac6024a34b6ad7aa1938cb5ec45b268ca158e6a6f2e36d",
                "sha256:9de9842e2938e1effd5de1e00e7828b10cc88e71d17aac09ec6e7daa56d29e7e",
                "sha256:a2d7f7456b1663c9b2e43030ffcbd31e48c65f51a0ec37c8dd5a76c20def6377",
                "sha256:ad2b2ff7c391eb51092c3043fa8d97fd069c7a231aacf6fed6c5c2d7abd9de46",
                "sha256:babdfbe54d3750850de30962c99cf974b164ce7492e0442dd75b230e8e87481f",
                "sha256:bf75158e59afbd7207bc34837121b8abfd7fc07e481675afad0faf2b63193b5a",
                "sha256:d504f7e0da5fd5041f616771017f4b0c953da2213a4c3ce12757862cff99a07a",
                "sha256:dea3041d4f461ca1dc06d18f7a6c37820c233960c8b0ed374436143b3fa75a90",
                "sha256:e74066d70edf4c60124ffa5781bf7d13f34102a937c8e61eb23a99a1bf1258fe",
                "sha256:e81c87b1d26f5da67014872f3bea6bc433fe225d800cddb2827572ada432e094",
                "sha256:e86ef8e435502f5be321f69da464e7e43e24aceb046e982dd4582ac0f5a8c4bb",
                "sha256:e9d724009297e4e966c7bc68086c7042b514665f1acd98accd71096e0f8c2602",
                "sha256:fe4bf6f6de1b6df9d5940e573d8ff3aa077df7bf3bed4b1f364a621ec3f052c2"
            ],
            "markers": "python_version >= '3.9'",
            "version": "==4.2"
        },
        "zope.deferredimport": {
            "hashes": [
                "sha256:3abbf0e18c1f1765914ecd1d41b549e4d045b21b28e4065fb0c1de0ad736b2c3",
                "sha256:b26e013b02fd1ee3e26510db66a737105128e48a0d348490f7c901ffd1928f25"
            ],
            "markers": "python_version >= '3.7'",
            "version": "==5.0"
        },
        "zope.interface": {
            "hashes": [
                "sha256:033b3923b63474800b04cba480b70f6e6243a62208071fc148354f3f89cc01b7",
                "sha256:05b910a5afe03256b58ab2ba6288960a2892dfeef01336dc4be6f1b9ed02ab0a",
                "sha256:086ee2f51eaef1e4a52bd7d3111a0404081dadae87f84c0ad4ce2649d4f708b7",
                "sha256:0ef9e2f865721553c6f22a9ff97da0f0216c074bd02b25cf0d3af60ea4d6931d",
                "sha256:1090c60116b3da3bfdd0c03406e2f14a1ff53e5771aebe33fec1edc0a350175d",
                "sha256:144964649eba4c5e4410bb0ee290d338e78f179cdbfd15813de1a664e7649b3b",
                "sha256:15398c000c094b8855d7d74f4fdc9e73aa02d4d0d5c775acdef98cdb1119768d",
                "sha256:1909f52a00c8c3dcab6c4fad5d13de2285a4b3c7be063b239b8dc15ddfb73bd2",
                "sha256:21328fcc9d5b80768bf051faa35ab98fb979080c18e6f84ab3f27ce703bce465",
                "sha256:224b7b0314f919e751f2bca17d15aad00ddbb1eadf1cb0190fa8175edb7ede62",
                "sha256:25e6a61dcb184453bb00eafa733169ab6d903e46f5c2ace4ad275386f9ab327a",
                "sha256:27f926f0dcb058211a3bb3e0e501c69759613b17a553788b2caeb991bed3b61d",
                "sha256:29caad142a2355ce7cfea48725aa8bcf0067e2b5cc63fcf5cd9f97ad12d6afb5",
                "sha256:2ad9913fd858274db8dd867012ebe544ef18d218f6f7d1e3c3e6d98000f14b75",
                "sha256:31d06db13a30303c08d61d5fb32154be51dfcbdb8438d2374ae27b4e069aac40",
                "sha256:3e0350b51e88658d5ad126c6a57502b19d5f559f6cb0a628e3dc90442b53dd98",
                "sha256:3f6771d1647b1fc543d37640b45c06b34832a943c80d1db214a37c31161a93f1",
                "sha256:4893395d5dd2ba655c38ceb13014fd65667740f09fa5bb01caa1e6284e48c0cd",
                "sha256:52e446f9955195440e787596dccd1411f543743c359eeb26e9b2c02b077b0519",
                "sha256:550f1c6588ecc368c9ce13c44a49b8d6b6f3ca7588873c679bd8fd88a1b557b6",
                "sha256:72cd1790b48c16db85d51fbbd12d20949d7339ad84fd971427cf00d990c1f137",
                "sha256:7bd449c306ba006c65799ea7912adbbfed071089461a19091a228998b82b1fdb",
                "sha256:7dc5016e0133c1a1ec212fc87a4f7e7e562054549a99c73c8896fa3a9e80cbc7",
                "sha256:802176a9f99bd8cc276dcd3b8512808716492f6f557c11196d42e26c01a69a4c",
                "sha256:80ecf2451596f19fd607bb09953f426588fc1e79e93f5968ecf3367550396b22",
                "sha256:8b49f1a3d1ee4cdaf5b32d2e738362c7f5e40ac8b46dd7d1a65e82a4872728fe",
                "sha256:8e7da17f53e25d1a3bde5da4601e026adc9e8071f9f6f936d0fe3fe84ace6d54",
                "sha256:a102424e28c6b47c67923a1f337ede4a4c2bba3965b01cf707978a801fc7442c",
                "sha256:a19a6cc9c6ce4b1e7e3d319a473cf0ee989cbbe2b39201d7c19e214d2dfb80c7",
                "sha256:a71a5b541078d0ebe373a81a3b7e71432c61d12e660f1d67896ca62d9628045b",
                "sha256:baf95683cde5bc7d0e12d8e7588a3eb754d7c4fa714548adcd96bdf90169f021",
                "sha256:cab15ff4832580aa440dc9790b8a6128abd0b88b7ee4dd56abacbc52f212209d",
                "sha256:ce290e62229964715f1011c3dbeab7a4a1e4971fd6f31324c4519464473ef9f2",
                "sha256:d3a8ffec2a50d8ec470143ea3d15c0c52d73df882eef92de7537e8ce13475e8a",
                "sha256:e204937f67b28d2dca73ca936d3039a144a081fc47a07598d44854ea2a106239",
                "sha256:eb23f58a446a7f09db85eda09521a498e109f137b85fb278edb2e34841055398",
                "sha256:f6dd02ec01f4468da0f234da9d9c8545c5412fef80bc590cc51d8dd084138a89"
            ],
            "markers": "python_version >= '3.8'",
            "version": "==7.2"
        },
        "zope.proxy": {
            "hashes": [
                "sha256:0777f9b4cbaa1ad8b9a2d246e4c0fe190e79d7f20b9d4535692ae03c30285cee",
                "sha256:07c43ae0180ba4dc6fa41cc9e306d5e5c063014fb8d4e8614b49f8f934d42eb9",
                "sha256:17fa348ec0ac9daafb9a0380e067ed1e8fc1ddcaefc31b094e255544319b8609",
                "sha256:205d6addd0a19ac2febc0b0bf5dabc5b9ae7db385a6a84dddaf3237d113ee01f",
                "sha256:440533a95da81182a1ee86f70d23cac318669b1fead47b0159d9418ed33f671b",
                "sha256:4962cd422d0142433f09a000ed2ef6151e0b7dc0c2028e8b9d180b42e2ca1843",
                "sha256:4d193e667b485bd54df9d99ec083103b0ff0575956804d906c52714ee268ee7f",
                "sha256:4ea7b1b14c31d28de0c3dbbb6672e36dea62828866831bd8a9736171b1d82465",
                "sha256:5131b64aa3e1b9e0ab10e2db127ccf8b082a2d6348e467777018de2d3c402ff9",
                "sha256:51a6be9875dd4bd3945da4338120baed733610acb961c77f3bdfec9ba1be208e",
                "sha256:59f293864db0ef5be0754f6f7428ddc6b3b97da6faa76cff191af4efa8fd05d1",
                "sha256:60497b06f9e249b3c21b09ce1775b3d71a74a37cea44207cd997317a77fc5918",
                "sha256:669efe87eabc4e6bf3a625d46191cb156e8c7ff8e44673b70caebfc9f4a28789",
                "sha256:66c4daf8b9842ec18402557c05bd4ff11f38c8c0657350f3fd8232ac4e79d787",
                "sha256:6f7208e4630003bf77abd64f54d0e98767fa146f2930b7bfb4ba12e23bbfb006",
                "sha256:702124d2031bdcae0886bc1cba5357a8cf604d64fe1f31006ecd132a73ea4244",
                "sha256:71d9b46af85bca3ceb1fa60b95591cce50538265b73f0eefb735bd366199ebeb",
                "sha256:76c218b92d06c8e5bcf52b8f3ce2472509789b618feda47d5e9fd7a08ab8d84e",
                "sha256:7cd2e9cd9870e2fbf03dc46aec2e3a3dbe5616c624ccb7941cd3db43f977c72b",
                "sha256:7fd5b73c60cd64e9225d5dd810742e467c8086b7615d29849ac53a98ab059267",
                "sha256:84988696d78b85f7b6020bb2c97e9dccba7a499a20a73a77bbee231480b18752",
                "sha256:8c7fe29a87cdac956ea246784df4eb7a52b8262d39a7089f9903c2fedf0968dd",
                "sha256:90218acd90c1e67baa2a0635f3fd9e9a519317edefb8587dbb3cbea43a234786",
                "sha256:95cb6de0b7ba5aa65fd010dd590c2b31e40f0976b0466cb53d7b90483115b83c",
                "sha256:9799b3016982a32dc9f9e4f42e443a52c88b3f601a50d21951d0ef450999b85d",
                "sha256:9b70bf787fcbd3ecb86ba886d71e5cd857da0d6dbe2fcf2b6c24774f24747e2e",
                "sha256:a48562abc5bf2a1ed535ace22b6c26c4d799375849e2ca21ed3be684360c2008",
                "sha256:ae215bce9e8e19b99fe3599690313a803c75d7ab1b19b3dc539f00403c6a0faf",
                "sha256:b3da50741baea56a1165181eba85e78a35a2142cff1d2402e6073ce93f97b2d9",
                "sha256:cc0ed2f87996c06b97910b7d801fc2ba80c976ef218e59baf8a9da16c64b1c0c",
                "sha256:cda5526ebea4aced070bfa0ce73e7b3a2a2250988a5b12b1593fe510dd3338db",
                "sha256:d14fdcfc8a1cf7104890db58621e1a943138921e0d9942e7cc805b894992d959",
                "sha256:d1a1efcb6987b73e11d3a5f7439ee06e4654e2f43a8c05196a9c581313fa79c2",
                "sha256:d775e4ec770dd66cfd5fabbdab02bee72041edd8e79b42e8c5d90400a31bd68b",
                "sha256:ed87d7c006d635e4f92c94dbb8ad6082b1fe828dfa76ed3c78610bc84cefdeb7",
                "sha256:f70a1a3f112063dd91624091d28ba6eac66eac941667bca603a0f2fe3c79082d",
                "sha256:fdae0ad3626bcaa5373b4a2b5639aadd19155fa54f6fde7a55de0385764ec698"
            ],
            "markers": "python_version >= '3.8'",
            "version": "==6.1"
        }
    },
    "develop": {}
}
